// !$*UTF8*$!
{
	archiveVersion = 1;
	classes = {
	};
	objectVersion = 50;
	objects = {

/* Begin PBXBuildFile section */
		8C48461525DFC8CD00E1BCD4 /* cs193App.swift in Sources */ = {isa = PBXBuildFile; fileRef = 8C48461425DFC8CD00E1BCD4 /* cs193App.swift */; };
		8C48461725DFC8CD00E1BCD4 /* ContentView.swift in Sources */ = {isa = PBXBuildFile; fileRef = 8C48461625DFC8CD00E1BCD4 /* ContentView.swift */; };
		8C48461925DFC8D100E1BCD4 /* Assets.xcassets in Resources */ = {isa = PBXBuildFile; fileRef = 8C48461825DFC8D100E1BCD4 /* Assets.xcassets */; };
		8C48461C25DFC8D100E1BCD4 /* Preview Assets.xcassets in Resources */ = {isa = PBXBuildFile; fileRef = 8C48461B25DFC8D100E1BCD4 /* Preview Assets.xcassets */; };
		8C48462725DFC8D100E1BCD4 /* cs193Tests.swift in Sources */ = {isa = PBXBuildFile; fileRef = 8C48462625DFC8D100E1BCD4 /* cs193Tests.swift */; };
		8C48463225DFC8D100E1BCD4 /* cs193UITests.swift in Sources */ = {isa = PBXBuildFile; fileRef = 8C48463125DFC8D100E1BCD4 /* cs193UITests.swift */; };
		8C48464325E1766500E1BCD4 /* MemorizeGame.swift in Sources */ = {isa = PBXBuildFile; fileRef = 8C48464225E1766500E1BCD4 /* MemorizeGame.swift */; };
		8C48464825E1768700E1BCD4 /* EmojiMemorizeGame.swift in Sources */ = {isa = PBXBuildFile; fileRef = 8C48464725E1768700E1BCD4 /* EmojiMemorizeGame.swift */; };
		8C48464D25E3127800E1BCD4 /* GridLayout.swift in Sources */ = {isa = PBXBuildFile; fileRef = 8C48464C25E3127700E1BCD4 /* GridLayout.swift */; };
		8C48465225E312CC00E1BCD4 /* Array+Identifiable.swift in Sources */ = {isa = PBXBuildFile; fileRef = 8C48465125E312CC00E1BCD4 /* Array+Identifiable.swift */; };
		8C48465725E313E300E1BCD4 /* GridView.swift in Sources */ = {isa = PBXBuildFile; fileRef = 8C48465625E313E300E1BCD4 /* GridView.swift */; };
/* End PBXBuildFile section */

/* Begin PBXContainerItemProxy section */
		8C48462325DFC8D100E1BCD4 /* PBXContainerItemProxy */ = {
			isa = PBXContainerItemProxy;
			containerPortal = 8C48460925DFC8CD00E1BCD4 /* Project object */;
			proxyType = 1;
			remoteGlobalIDString = 8C48461025DFC8CD00E1BCD4;
			remoteInfo = cs193;
		};
		8C48462E25DFC8D100E1BCD4 /* PBXContainerItemProxy */ = {
			isa = PBXContainerItemProxy;
			containerPortal = 8C48460925DFC8CD00E1BCD4 /* Project object */;
			proxyType = 1;
			remoteGlobalIDString = 8C48461025DFC8CD00E1BCD4;
			remoteInfo = cs193;
		};
/* End PBXContainerItemProxy section */

/* Begin PBXFileReference section */
		8C48461125DFC8CD00E1BCD4 /* cs193.app */ = {isa = PBXFileReference; explicitFileType = wrapper.application; includeInIndex = 0; path = cs193.app; sourceTree = BUILT_PRODUCTS_DIR; };
		8C48461425DFC8CD00E1BCD4 /* cs193App.swift */ = {isa = PBXFileReference; lastKnownFileType = sourcecode.swift; path = cs193App.swift; sourceTree = "<group>"; };
		8C48461625DFC8CD00E1BCD4 /* ContentView.swift */ = {isa = PBXFileReference; lastKnownFileType = sourcecode.swift; path = ContentView.swift; sourceTree = "<group>"; };
		8C48461825DFC8D100E1BCD4 /* Assets.xcassets */ = {isa = PBXFileReference; lastKnownFileType = folder.assetcatalog; path = Assets.xcassets; sourceTree = "<group>"; };
		8C48461B25DFC8D100E1BCD4 /* Preview Assets.xcassets */ = {isa = PBXFileReference; lastKnownFileType = folder.assetcatalog; path = "Preview Assets.xcassets"; sourceTree = "<group>"; };
		8C48461D25DFC8D100E1BCD4 /* Info.plist */ = {isa = PBXFileReference; lastKnownFileType = text.plist.xml; path = Info.plist; sourceTree = "<group>"; };
		8C48462225DFC8D100E1BCD4 /* cs193Tests.xctest */ = {isa = PBXFileReference; explicitFileType = wrapper.cfbundle; includeInIndex = 0; path = cs193Tests.xctest; sourceTree = BUILT_PRODUCTS_DIR; };
		8C48462625DFC8D100E1BCD4 /* cs193Tests.swift */ = {isa = PBXFileReference; lastKnownFileType = sourcecode.swift; path = cs193Tests.swift; sourceTree = "<group>"; };
		8C48462825DFC8D100E1BCD4 /* Info.plist */ = {isa = PBXFileReference; lastKnownFileType = text.plist.xml; path = Info.plist; sourceTree = "<group>"; };
		8C48462D25DFC8D100E1BCD4 /* cs193UITests.xctest */ = {isa = PBXFileReference; explicitFileType = wrapper.cfbundle; includeInIndex = 0; path = cs193UITests.xctest; sourceTree = BUILT_PRODUCTS_DIR; };
		8C48463125DFC8D100E1BCD4 /* cs193UITests.swift */ = {isa = PBXFileReference; lastKnownFileType = sourcecode.swift; path = cs193UITests.swift; sourceTree = "<group>"; };
		8C48463325DFC8D100E1BCD4 /* Info.plist */ = {isa = PBXFileReference; lastKnownFileType = text.plist.xml; path = Info.plist; sourceTree = "<group>"; };
		8C48464225E1766500E1BCD4 /* MemorizeGame.swift */ = {isa = PBXFileReference; lastKnownFileType = sourcecode.swift; path = MemorizeGame.swift; sourceTree = "<group>"; };
		8C48464725E1768700E1BCD4 /* EmojiMemorizeGame.swift */ = {isa = PBXFileReference; lastKnownFileType = sourcecode.swift; path = EmojiMemorizeGame.swift; sourceTree = "<group>"; };
		8C48464C25E3127700E1BCD4 /* GridLayout.swift */ = {isa = PBXFileReference; fileEncoding = 4; lastKnownFileType = sourcecode.swift; path = GridLayout.swift; sourceTree = "<group>"; };
		8C48465125E312CC00E1BCD4 /* Array+Identifiable.swift */ = {isa = PBXFileReference; lastKnownFileType = sourcecode.swift; path = "Array+Identifiable.swift"; sourceTree = "<group>"; };
		8C48465625E313E300E1BCD4 /* GridView.swift */ = {isa = PBXFileReference; lastKnownFileType = sourcecode.swift; path = GridView.swift; sourceTree = "<group>"; };
/* End PBXFileReference section */

/* Begin PBXFrameworksBuildPhase section */
		8C48460E25DFC8CD00E1BCD4 /* Frameworks */ = {
			isa = PBXFrameworksBuildPhase;
			buildActionMask = 2147483647;
			files = (
			);
			runOnlyForDeploymentPostprocessing = 0;
		};
		8C48461F25DFC8D100E1BCD4 /* Frameworks */ = {
			isa = PBXFrameworksBuildPhase;
			buildActionMask = 2147483647;
			files = (
			);
			runOnlyForDeploymentPostprocessing = 0;
		};
		8C48462A25DFC8D100E1BCD4 /* Frameworks */ = {
			isa = PBXFrameworksBuildPhase;
			buildActionMask = 2147483647;
			files = (
			);
			runOnlyForDeploymentPostprocessing = 0;
		};
/* End PBXFrameworksBuildPhase section */

/* Begin PBXGroup section */
		8C48460825DFC8CD00E1BCD4 = {
			isa = PBXGroup;
			children = (
				8C48461325DFC8CD00E1BCD4 /* cs193 */,
				8C48462525DFC8D100E1BCD4 /* cs193Tests */,
				8C48463025DFC8D100E1BCD4 /* cs193UITests */,
				8C48461225DFC8CD00E1BCD4 /* Products */,
			);
			sourceTree = "<group>";
		};
		8C48461225DFC8CD00E1BCD4 /* Products */ = {
			isa = PBXGroup;
			children = (
				8C48461125DFC8CD00E1BCD4 /* cs193.app */,
				8C48462225DFC8D100E1BCD4 /* cs193Tests.xctest */,
				8C48462D25DFC8D100E1BCD4 /* cs193UITests.xctest */,
			);
			name = Products;
			sourceTree = "<group>";
		};
		8C48461325DFC8CD00E1BCD4 /* cs193 */ = {
			isa = PBXGroup;
			children = (
				8C48461425DFC8CD00E1BCD4 /* cs193App.swift */,
				8C48461625DFC8CD00E1BCD4 /* ContentView.swift */,
				8C48464C25E3127700E1BCD4 /* GridLayout.swift */,
				8C48465625E313E300E1BCD4 /* GridView.swift */,
				8C48465125E312CC00E1BCD4 /* Array+Identifiable.swift */,
				8C48464225E1766500E1BCD4 /* MemorizeGame.swift */,
				8C48464725E1768700E1BCD4 /* EmojiMemorizeGame.swift */,
				8C48461825DFC8D100E1BCD4 /* Assets.xcassets */,
				8C48461D25DFC8D100E1BCD4 /* Info.plist */,
				8C48461A25DFC8D100E1BCD4 /* Preview Content */,
			);
			path = cs193;
			sourceTree = "<group>";
		};
		8C48461A25DFC8D100E1BCD4 /* Preview Content */ = {
			isa = PBXGroup;
			children = (
				8C48461B25DFC8D100E1BCD4 /* Preview Assets.xcassets */,
			);
			path = "Preview Content";
			sourceTree = "<group>";
		};
		8C48462525DFC8D100E1BCD4 /* cs193Tests */ = {
			isa = PBXGroup;
			children = (
				8C48462625DFC8D100E1BCD4 /* cs193Tests.swift */,
				8C48462825DFC8D100E1BCD4 /* Info.plist */,
			);
			path = cs193Tests;
			sourceTree = "<group>";
		};
		8C48463025DFC8D100E1BCD4 /* cs193UITests */ = {
			isa = PBXGroup;
			children = (
				8C48463125DFC8D100E1BCD4 /* cs193UITests.swift */,
				8C48463325DFC8D100E1BCD4 /* Info.plist */,
			);
			path = cs193UITests;
			sourceTree = "<group>";
		};
/* End PBXGroup section */

/* Begin PBXNativeTarget section */
		8C48461025DFC8CD00E1BCD4 /* cs193 */ = {
			isa = PBXNativeTarget;
			buildConfigurationList = 8C48463625DFC8D100E1BCD4 /* Build configuration list for PBXNativeTarget "cs193" */;
			buildPhases = (
				8C48460D25DFC8CD00E1BCD4 /* Sources */,
				8C48460E25DFC8CD00E1BCD4 /* Frameworks */,
				8C48460F25DFC8CD00E1BCD4 /* Resources */,
			);
			buildRules = (
			);
			dependencies = (
			);
			name = cs193;
			productName = cs193;
			productReference = 8C48461125DFC8CD00E1BCD4 /* cs193.app */;
			productType = "com.apple.product-type.application";
		};
		8C48462125DFC8D100E1BCD4 /* cs193Tests */ = {
			isa = PBXNativeTarget;
			buildConfigurationList = 8C48463925DFC8D100E1BCD4 /* Build configuration list for PBXNativeTarget "cs193Tests" */;
			buildPhases = (
				8C48461E25DFC8D100E1BCD4 /* Sources */,
				8C48461F25DFC8D100E1BCD4 /* Frameworks */,
				8C48462025DFC8D100E1BCD4 /* Resources */,
			);
			buildRules = (
			);
			dependencies = (
				8C48462425DFC8D100E1BCD4 /* PBXTargetDependency */,
			);
			name = cs193Tests;
			productName = cs193Tests;
			productReference = 8C48462225DFC8D100E1BCD4 /* cs193Tests.xctest */;
			productType = "com.apple.product-type.bundle.unit-test";
		};
		8C48462C25DFC8D100E1BCD4 /* cs193UITests */ = {
			isa = PBXNativeTarget;
			buildConfigurationList = 8C48463C25DFC8D100E1BCD4 /* Build configuration list for PBXNativeTarget "cs193UITests" */;
			buildPhases = (
				8C48462925DFC8D100E1BCD4 /* Sources */,
				8C48462A25DFC8D100E1BCD4 /* Frameworks */,
				8C48462B25DFC8D100E1BCD4 /* Resources */,
			);
			buildRules = (
			);
			dependencies = (
				8C48462F25DFC8D100E1BCD4 /* PBXTargetDependency */,
			);
			name = cs193UITests;
			productName = cs193UITests;
			productReference = 8C48462D25DFC8D100E1BCD4 /* cs193UITests.xctest */;
			productType = "com.apple.product-type.bundle.ui-testing";
		};
/* End PBXNativeTarget section */

/* Begin PBXProject section */
		8C48460925DFC8CD00E1BCD4 /* Project object */ = {
			isa = PBXProject;
			attributes = {
				LastSwiftUpdateCheck = 1240;
				LastUpgradeCheck = 1240;
				TargetAttributes = {
					8C48461025DFC8CD00E1BCD4 = {
						CreatedOnToolsVersion = 12.4;
					};
					8C48462125DFC8D100E1BCD4 = {
						CreatedOnToolsVersion = 12.4;
						TestTargetID = 8C48461025DFC8CD00E1BCD4;
					};
					8C48462C25DFC8D100E1BCD4 = {
						CreatedOnToolsVersion = 12.4;
						TestTargetID = 8C48461025DFC8CD00E1BCD4;
					};
				};
			};
			buildConfigurationList = 8C48460C25DFC8CD00E1BCD4 /* Build configuration list for PBXProject "cs193" */;
			compatibilityVersion = "Xcode 9.3";
			developmentRegion = en;
			hasScannedForEncodings = 0;
			knownRegions = (
				en,
				Base,
			);
			mainGroup = 8C48460825DFC8CD00E1BCD4;
			productRefGroup = 8C48461225DFC8CD00E1BCD4 /* Products */;
			projectDirPath = "";
			projectRoot = "";
			targets = (
				8C48461025DFC8CD00E1BCD4 /* cs193 */,
				8C48462125DFC8D100E1BCD4 /* cs193Tests */,
				8C48462C25DFC8D100E1BCD4 /* cs193UITests */,
			);
		};
/* End PBXProject section */

/* Begin PBXResourcesBuildPhase section */
		8C48460F25DFC8CD00E1BCD4 /* Resources */ = {
			isa = PBXResourcesBuildPhase;
			buildActionMask = 2147483647;
			files = (
				8C48461C25DFC8D100E1BCD4 /* Preview Assets.xcassets in Resources */,
				8C48461925DFC8D100E1BCD4 /* Assets.xcassets in Resources */,
			);
			runOnlyForDeploymentPostprocessing = 0;
		};
		8C48462025DFC8D100E1BCD4 /* Resources */ = {
			isa = PBXResourcesBuildPhase;
			buildActionMask = 2147483647;
			files = (
			);
			runOnlyForDeploymentPostprocessing = 0;
		};
		8C48462B25DFC8D100E1BCD4 /* Resources */ = {
			isa = PBXResourcesBuildPhase;
			buildActionMask = 2147483647;
			files = (
			);
			runOnlyForDeploymentPostprocessing = 0;
		};
/* End PBXResourcesBuildPhase section */

/* Begin PBXSourcesBuildPhase section */
		8C48460D25DFC8CD00E1BCD4 /* Sources */ = {
			isa = PBXSourcesBuildPhase;
			buildActionMask = 2147483647;
			files = (
				8C48464825E1768700E1BCD4 /* EmojiMemorizeGame.swift in Sources */,
				8C48461725DFC8CD00E1BCD4 /* ContentView.swift in Sources */,
				8C48464D25E3127800E1BCD4 /* GridLayout.swift in Sources */,
				8C48465725E313E300E1BCD4 /* GridView.swift in Sources */,
				8C48461525DFC8CD00E1BCD4 /* cs193App.swift in Sources */,
				8C48464325E1766500E1BCD4 /* MemorizeGame.swift in Sources */,
				8C48465225E312CC00E1BCD4 /* Array+Identifiable.swift in Sources */,
			);
			runOnlyForDeploymentPostprocessing = 0;
		};
		8C48461E25DFC8D100E1BCD4 /* Sources */ = {
			isa = PBXSourcesBuildPhase;
			buildActionMask = 2147483647;
			files = (
				8C48462725DFC8D100E1BCD4 /* cs193Tests.swift in Sources */,
			);
			runOnlyForDeploymentPostprocessing = 0;
		};
		8C48462925DFC8D100E1BCD4 /* Sources */ = {
			isa = PBXSourcesBuildPhase;
			buildActionMask = 2147483647;
			files = (
				8C48463225DFC8D100E1BCD4 /* cs193UITests.swift in Sources */,
			);
			runOnlyForDeploymentPostprocessing = 0;
		};
/* End PBXSourcesBuildPhase section */

/* Begin PBXTargetDependency section */
		8C48462425DFC8D100E1BCD4 /* PBXTargetDependency */ = {
			isa = PBXTargetDependency;
			target = 8C48461025DFC8CD00E1BCD4 /* cs193 */;
			targetProxy = 8C48462325DFC8D100E1BCD4 /* PBXContainerItemProxy */;
		};
		8C48462F25DFC8D100E1BCD4 /* PBXTargetDependency */ = {
			isa = PBXTargetDependency;
			target = 8C48461025DFC8CD00E1BCD4 /* cs193 */;
			targetProxy = 8C48462E25DFC8D100E1BCD4 /* PBXContainerItemProxy */;
		};
/* End PBXTargetDependency section */

/* Begin XCBuildConfiguration section */
		8C48463425DFC8D100E1BCD4 /* Debug */ = {
			isa = XCBuildConfiguration;
			buildSettings = {
				ALWAYS_SEARCH_USER_PATHS = NO;
				CLANG_ANALYZER_NONNULL = YES;
				CLANG_ANALYZER_NUMBER_OBJECT_CONVERSION = YES_AGGRESSIVE;
				CLANG_CXX_LANGUAGE_STANDARD = "gnu++14";
				CLANG_CXX_LIBRARY = "libc++";
				CLANG_ENABLE_MODULES = YES;
				CLANG_ENABLE_OBJC_ARC = YES;
				CLANG_ENABLE_OBJC_WEAK = YES;
				CLANG_WARN_BLOCK_CAPTURE_AUTORELEASING = YES;
				CLANG_WARN_BOOL_CONVERSION = YES;
				CLANG_WARN_COMMA = YES;
				CLANG_WARN_CONSTANT_CONVERSION = YES;
				CLANG_WARN_DEPRECATED_OBJC_IMPLEMENTATIONS = YES;
				CLANG_WARN_DIRECT_OBJC_ISA_USAGE = YES_ERROR;
				CLANG_WARN_DOCUMENTATION_COMMENTS = YES;
				CLANG_WARN_EMPTY_BODY = YES;
				CLANG_WARN_ENUM_CONVERSION = YES;
				CLANG_WARN_INFINITE_RECURSION = YES;
				CLANG_WARN_INT_CONVERSION = YES;
				CLANG_WARN_NON_LITERAL_NULL_CONVERSION = YES;
				CLANG_WARN_OBJC_IMPLICIT_RETAIN_SELF = YES;
				CLANG_WARN_OBJC_LITERAL_CONVERSION = YES;
				CLANG_WARN_OBJC_ROOT_CLASS = YES_ERROR;
				CLANG_WARN_QUOTED_INCLUDE_IN_FRAMEWORK_HEADER = YES;
				CLANG_WARN_RANGE_LOOP_ANALYSIS = YES;
				CLANG_WARN_STRICT_PROTOTYPES = YES;
				CLANG_WARN_SUSPICIOUS_MOVE = YES;
				CLANG_WARN_UNGUARDED_AVAILABILITY = YES_AGGRESSIVE;
				CLANG_WARN_UNREACHABLE_CODE = YES;
				CLANG_WARN__DUPLICATE_METHOD_MATCH = YES;
				COPY_PHASE_STRIP = NO;
				DEBUG_INFORMATION_FORMAT = dwarf;
				ENABLE_STRICT_OBJC_MSGSEND = YES;
				ENABLE_TESTABILITY = YES;
				GCC_C_LANGUAGE_STANDARD = gnu11;
				GCC_DYNAMIC_NO_PIC = NO;
				GCC_NO_COMMON_BLOCKS = YES;
				GCC_OPTIMIZATION_LEVEL = 0;
				GCC_PREPROCESSOR_DEFINITIONS = (
					"DEBUG=1",
					"$(inherited)",
				);
				GCC_WARN_64_TO_32_BIT_CONVERSION = YES;
				GCC_WARN_ABOUT_RETURN_TYPE = YES_ERROR;
				GCC_WARN_UNDECLARED_SELECTOR = YES;
				GCC_WARN_UNINITIALIZED_AUTOS = YES_AGGRESSIVE;
				GCC_WARN_UNUSED_FUNCTION = YES;
				GCC_WARN_UNUSED_VARIABLE = YES;
				IPHONEOS_DEPLOYMENT_TARGET = 14.4;
				MTL_ENABLE_DEBUG_INFO = INCLUDE_SOURCE;
				MTL_FAST_MATH = YES;
				ONLY_ACTIVE_ARCH = YES;
				SDKROOT = iphoneos;
				SWIFT_ACTIVE_COMPILATION_CONDITIONS = DEBUG;
				SWIFT_OPTIMIZATION_LEVEL = "-Onone";
			};
			name = Debug;
		};
		8C48463525DFC8D100E1BCD4 /* Release */ = {
			isa = XCBuildConfiguration;
			buildSettings = {
				ALWAYS_SEARCH_USER_PATHS = NO;
				CLANG_ANALYZER_NONNULL = YES;
				CLANG_ANALYZER_NUMBER_OBJECT_CONVERSION = YES_AGGRESSIVE;
				CLANG_CXX_LANGUAGE_STANDARD = "gnu++14";
				CLANG_CXX_LIBRARY = "libc++";
				CLANG_ENABLE_MODULES = YES;
				CLANG_ENABLE_OBJC_ARC = YES;
				CLANG_ENABLE_OBJC_WEAK = YES;
				CLANG_WARN_BLOCK_CAPTURE_AUTORELEASING = YES;
				CLANG_WARN_BOOL_CONVERSION = YES;
				CLANG_WARN_COMMA = YES;
				CLANG_WARN_CONSTANT_CONVERSION = YES;
				CLANG_WARN_DEPRECATED_OBJC_IMPLEMENTATIONS = YES;
				CLANG_WARN_DIRECT_OBJC_ISA_USAGE = YES_ERROR;
				CLANG_WARN_DOCUMENTATION_COMMENTS = YES;
				CLANG_WARN_EMPTY_BODY = YES;
				CLANG_WARN_ENUM_CONVERSION = YES;
				CLANG_WARN_INFINITE_RECURSION = YES;
				CLANG_WARN_INT_CONVERSION = YES;
				CLANG_WARN_NON_LITERAL_NULL_CONVERSION = YES;
				CLANG_WARN_OBJC_IMPLICIT_RETAIN_SELF = YES;
				CLANG_WARN_OBJC_LITERAL_CONVERSION = YES;
				CLANG_WARN_OBJC_ROOT_CLASS = YES_ERROR;
				CLANG_WARN_QUOTED_INCLUDE_IN_FRAMEWORK_HEADER = YES;
				CLANG_WARN_RANGE_LOOP_ANALYSIS = YES;
				CLANG_WARN_STRICT_PROTOTYPES = YES;
				CLANG_WARN_SUSPICIOUS_MOVE = YES;
				CLANG_WARN_UNGUARDED_AVAILABILITY = YES_AGGRESSIVE;
				CLANG_WARN_UNREACHABLE_CODE = YES;
				CLANG_WARN__DUPLICATE_METHOD_MATCH = YES;
				COPY_PHASE_STRIP = NO;
				DEBUG_INFORMATION_FORMAT = "dwarf-with-dsym";
				ENABLE_NS_ASSERTIONS = NO;
				ENABLE_STRICT_OBJC_MSGSEND = YES;
				GCC_C_LANGUAGE_STANDARD = gnu11;
				GCC_NO_COMMON_BLOCKS = YES;
				GCC_WARN_64_TO_32_BIT_CONVERSION = YES;
				GCC_WARN_ABOUT_RETURN_TYPE = YES_ERROR;
				GCC_WARN_UNDECLARED_SELECTOR = YES;
				GCC_WARN_UNINITIALIZED_AUTOS = YES_AGGRESSIVE;
				GCC_WARN_UNUSED_FUNCTION = YES;
				GCC_WARN_UNUSED_VARIABLE = YES;
				IPHONEOS_DEPLOYMENT_TARGET = 14.4;
				MTL_ENABLE_DEBUG_INFO = NO;
				MTL_FAST_MATH = YES;
				SDKROOT = iphoneos;
				SWIFT_COMPILATION_MODE = wholemodule;
				SWIFT_OPTIMIZATION_LEVEL = "-O";
				VALIDATE_PRODUCT = YES;
			};
			name = Release;
		};
		8C48463725DFC8D100E1BCD4 /* Debug */ = {
			isa = XCBuildConfiguration;
			buildSettings = {
				ASSETCATALOG_COMPILER_APPICON_NAME = AppIcon;
				ASSETCATALOG_COMPILER_GLOBAL_ACCENT_COLOR_NAME = AccentColor;
				CODE_SIGN_STYLE = Automatic;
				DEVELOPMENT_ASSET_PATHS = "\"cs193/Preview Content\"";
				ENABLE_PREVIEWS = YES;
				INFOPLIST_FILE = cs193/Info.plist;
				IPHONEOS_DEPLOYMENT_TARGET = 14.0;
				LD_RUNPATH_SEARCH_PATHS = (
					"$(inherited)",
					"@executable_path/Frameworks",
				);
				PRODUCT_BUNDLE_IDENTIFIER = tingyuchen.cs193;
				PRODUCT_NAME = "$(TARGET_NAME)";
				SWIFT_VERSION = 5.0;
				TARGETED_DEVICE_FAMILY = "1,2";
			};
			name = Debug;
		};
		8C48463825DFC8D100E1BCD4 /* Release */ = {
			isa = XCBuildConfiguration;
			buildSettings = {
				ASSETCATALOG_COMPILER_APPICON_NAME = AppIcon;
				ASSETCATALOG_COMPILER_GLOBAL_ACCENT_COLOR_NAME = AccentColor;
				CODE_SIGN_STYLE = Automatic;
				DEVELOPMENT_ASSET_PATHS = "\"cs193/Preview Content\"";
				ENABLE_PREVIEWS = YES;
				INFOPLIST_FILE = cs193/Info.plist;
				IPHONEOS_DEPLOYMENT_TARGET = 14.0;
				LD_RUNPATH_SEARCH_PATHS = (
					"$(inherited)",
					"@executable_path/Frameworks",
				);
				PRODUCT_BUNDLE_IDENTIFIER = tingyuchen.cs193;
				PRODUCT_NAME = "$(TARGET_NAME)";
				SWIFT_VERSION = 5.0;
				TARGETED_DEVICE_FAMILY = "1,2";
			};
			name = Release;
		};
		8C48463A25DFC8D100E1BCD4 /* Debug */ = {
			isa = XCBuildConfiguration;
			buildSettings = {
				ALWAYS_EMBED_SWIFT_STANDARD_LIBRARIES = YES;
				BUNDLE_LOADER = "$(TEST_HOST)";
				CODE_SIGN_STYLE = Automatic;
				INFOPLIST_FILE = cs193Tests/Info.plist;
				IPHONEOS_DEPLOYMENT_TARGET = 14.0;
				LD_RUNPATH_SEARCH_PATHS = (
					"$(inherited)",
					"@executable_path/Frameworks",
					"@loader_path/Frameworks",
				);
				PRODUCT_BUNDLE_IDENTIFIER = tingyuchen.cs193Tests;
				PRODUCT_NAME = "$(TARGET_NAME)";
				SWIFT_VERSION = 5.0;
				TARGETED_DEVICE_FAMILY = "1,2";
				TEST_HOST = "$(BUILT_PRODUCTS_DIR)/cs193.app/cs193";
			};
			name = Debug;
		};
		8C48463B25DFC8D100E1BCD4 /* Release */ = {
			isa = XCBuildConfiguration;
			buildSettings = {
				ALWAYS_EMBED_SWIFT_STANDARD_LIBRARIES = YES;
				BUNDLE_LOADER = "$(TEST_HOST)";
				CODE_SIGN_STYLE = Automatic;
				INFOPLIST_FILE = cs193Tests/Info.plist;
				IPHONEOS_DEPLOYMENT_TARGET = 14.0;
				LD_RUNPATH_SEARCH_PATHS = (
					"$(inherited)",
					"@executable_path/Frameworks",
					"@loader_path/Frameworks",
				);
				PRODUCT_BUNDLE_IDENTIFIER = tingyuchen.cs193Tests;
				PRODUCT_NAME = "$(TARGET_NAME)";
				SWIFT_VERSION = 5.0;
				TARGETED_DEVICE_FAMILY = "1,2";
				TEST_HOST = "$(BUILT_PRODUCTS_DIR)/cs193.app/cs193";
			};
			name = Release;
		};
		8C48463D25DFC8D100E1BCD4 /* Debug */ = {
			isa = XCBuildConfiguration;
			buildSettings = {
				ALWAYS_EMBED_SWIFT_STANDARD_LIBRARIES = YES;
				CODE_SIGN_STYLE = Automatic;
				INFOPLIST_FILE = cs193UITests/Info.plist;
				LD_RUNPATH_SEARCH_PATHS = (
					"$(inherited)",
					"@executable_path/Frameworks",
					"@loader_path/Frameworks",
				);
				PRODUCT_BUNDLE_IDENTIFIER = tingyuchen.cs193UITests;
				PRODUCT_NAME = "$(TARGET_NAME)";
				SWIFT_VERSION = 5.0;
				TARGETED_DEVICE_FAMILY = "1,2";
				TEST_TARGET_NAME = cs193;
			};
			name = Debug;
		};
		8C48463E25DFC8D100E1BCD4 /* Release */ = {
			isa = XCBuildConfiguration;
			buildSettings = {
				ALWAYS_EMBED_SWIFT_STANDARD_LIBRARIES = YES;
				CODE_SIGN_STYLE = Automatic;
				INFOPLIST_FILE = cs193UITests/Info.plist;
				LD_RUNPATH_SEARCH_PATHS = (
					"$(inherited)",
					"@executable_path/Frameworks",
					"@loader_path/Frameworks",
				);
				PRODUCT_BUNDLE_IDENTIFIER = tingyuchen.cs193UITests;
				PRODUCT_NAME = "$(TARGET_NAME)";
				SWIFT_VERSION = 5.0;
				TARGETED_DEVICE_FAMILY = "1,2";
				TEST_TARGET_NAME = cs193;
			};
			name = Release;
		};
/* End XCBuildConfiguration section */

/* Begin XCConfigurationList section */
		8C48460C25DFC8CD00E1BCD4 /* Build configuration list for PBXProject "cs193" */ = {
			isa = XCConfigurationList;
			buildConfigurations = (
				8C48463425DFC8D100E1BCD4 /* Debug */,
				8C48463525DFC8D100E1BCD4 /* Release */,
			);
			defaultConfigurationIsVisible = 0;
			defaultConfigurationName = Release;
		};
		8C48463625DFC8D100E1BCD4 /* Build configuration list for PBXNativeTarget "cs193" */ = {
			isa = XCConfigurationList;
			buildConfigurations = (
				8C48463725DFC8D100E1BCD4 /* Debug */,
				8C48463825DFC8D100E1BCD4 /* Release */,
			);
			defaultConfigurationIsVisible = 0;
			defaultConfigurationName = Release;
		};
		8C48463925DFC8D100E1BCD4 /* Build configuration list for PBXNativeTarget "cs193Tests" */ = {
			isa = XCConfigurationList;
			buildConfigurations = (
				8C48463A25DFC8D100E1BCD4 /* Debug */,
				8C48463B25DFC8D100E1BCD4 /* Release */,
			);
			defaultConfigurationIsVisible = 0;
			defaultConfigurationName = Release;
		};
		8C48463C25DFC8D100E1BCD4 /* Build configuration list for PBXNativeTarget "cs193UITests" */ = {
			isa = XCConfigurationList;
			buildConfigurations = (
				8C48463D25DFC8D100E1BCD4 /* Debug */,
				8C48463E25DFC8D100E1BCD4 /* Release */,
			);
			defaultConfigurationIsVisible = 0;
			defaultConfigurationName = Release;
		};
/* End XCConfigurationList section */
	};
	rootObject = 8C48460925DFC8CD00E1BCD4 /* Project object */;
}
